
Microsoft Visual Studio Solution File, Format Version 12.00
# Visual Studio Version 17
VisualStudioVersion = 17.6.33815.320
MinimumVisualStudioVersion = 10.0.40219.1
Project("{2150E333-8FDC-42A3-9474-1A3956D46DE8}") = "N2", "N2", "{0AA44B92-19CC-4937-80D3-ED0186705ABE}"
EndProject
Project("{9A19103F-16F7-4668-BE54-9A1E7A4F7556}") = "HT1", "HT1\HT1.csproj", "{7075FAF0-B5B1-436C-A4BB-1C77FD79A235}"
EndProject
Project("{9A19103F-16F7-4668-BE54-9A1E7A4F7556}") = "Tic-Tac-Toe HT2", "Tic-Tac-Toe HT2\Tic-Tac-Toe HT2.csproj", "{76EE5ED5-40D8-4FE1-866A-070841D25040}"
EndProject
Project("{2150E333-8FDC-42A3-9474-1A3956D46DE8}") = "N3", "N3", "{5A26FEDB-E7FF-4C71-AE12-97BE24B2A803}"
EndProject
Project("{9A19103F-16F7-4668-BE54-9A1E7A4F7556}") = "HT3", "HT3\HT3.csproj", "{CEB98810-6814-4F87-8A4A-223E583A13E1}"
EndProject
Project("{2150E333-8FDC-42A3-9474-1A3956D46DE8}") = "N4", "N4", "{92F8D92D-4E2D-4661-963F-83A51455FC7F}"
EndProject
Project("{9A19103F-16F7-4668-BE54-9A1E7A4F7556}") = "HT4", "HT4\HT4.csproj", "{877CE780-8354-440E-AA19-49C25D835745}"
EndProject
Project("{9A19103F-16F7-4668-BE54-9A1E7A4F7556}") = "email", "email\email.csproj", "{19D9C6DC-4B73-4D0B-8CD3-DF1A064AE93A}"
EndProject
Project("{2150E333-8FDC-42A3-9474-1A3956D46DE8}") = "N5", "N5", "{9E5D59E5-4EF2-41F6-ADC7-4C90E73B30B3}"
EndProject
Project("{9A19103F-16F7-4668-BE54-9A1E7A4F7556}") = "TestDasturi", "TestDasturi\TestDasturi.csproj", "{2B977A6A-97AD-4007-B46A-773C2434D7CF}"
EndProject
Project("{9A19103F-16F7-4668-BE54-9A1E7A4F7556}") = "OddiyCalculyator", "OddiyCalculyator\OddiyCalculyator.csproj", "{90BB8F09-7E78-488F-9671-14F534EAA0D8}"
EndProject
Project("{2150E333-8FDC-42A3-9474-1A3956D46DE8}") = "Masalalar uchun", "Masalalar uchun", "{67DA7351-D0CB-424A-BBC1-1D8E2503A56B}"
EndProject
Project("{9A19103F-16F7-4668-BE54-9A1E7A4F7556}") = "LeetCode", "LeetCode\LeetCode.csproj", "{7861229C-D153-43E6-9E6B-6B29428619C8}"
EndProject
Project("{2150E333-8FDC-42A3-9474-1A3956D46DE8}") = "N6", "N6", "{59F60DED-9C82-447B-98E1-1C5B73395E2D}"
EndProject
Project("{2150E333-8FDC-42A3-9474-1A3956D46DE8}") = "Task", "Task", "{D3A4C860-F5E5-43CD-B95C-FF1CA5B1B61F}"
EndProject
Project("{2150E333-8FDC-42A3-9474-1A3956D46DE8}") = "HomeTask", "HomeTask", "{03E7E7CB-C3BA-451E-BC5A-A148EE46C3A9}"
EndProject
Project("{9A19103F-16F7-4668-BE54-9A1E7A4F7556}") = "Task", "Task\Task.csproj", "{D11ABCFD-F4C4-459B-841A-366F71FC28C9}"
EndProject
Project("{9A19103F-16F7-4668-BE54-9A1E7A4F7556}") = "Masala_TugulganKun", "Masala_TugulganKun\Masala_TugulganKun.csproj", "{47FEC370-EE38-4E90-8141-E861A4F5641B}"
EndProject
Project("{9A19103F-16F7-4668-BE54-9A1E7A4F7556}") = "Imtihon", "Imtihon\Imtihon.csproj", "{82872096-987A-498B-9629-69FC0A14B32A}"
EndProject
Project("{9A19103F-16F7-4668-BE54-9A1E7A4F7556}") = "N6-HT1", "N6-HT1\N6-HT1.csproj", "{DAC28CA3-11EB-4DAF-B37E-6E4052C31221}"
EndProject
Project("{9A19103F-16F7-4668-BE54-9A1E7A4F7556}") = "N6-HT2", "N6-HT2\N6-HT2.csproj", "{DAB89013-47DE-491C-A03F-47572FCFC253}"
EndProject
Project("{2150E333-8FDC-42A3-9474-1A3956D46DE8}") = "N7", "N7", "{D1876037-830E-40F5-B851-8E11C8FCEE88}"
EndProject
Project("{2150E333-8FDC-42A3-9474-1A3956D46DE8}") = "HomeTask", "HomeTask", "{C303C6CC-302E-4EC4-82C2-E1EFCC80BE22}"
EndProject
Project("{2150E333-8FDC-42A3-9474-1A3956D46DE8}") = "Task", "Task", "{67BA6913-54DE-4914-982D-D7292E675752}"
EndProject
Project("{9A19103F-16F7-4668-BE54-9A1E7A4F7556}") = "Meeting Scheduler", "Meeting Scheduler\Meeting Scheduler.csproj", "{A6C008A6-0395-42A9-A434-E41B4986A195}"
EndProject
Project("{9A19103F-16F7-4668-BE54-9A1E7A4F7556}") = "N7-HT1", "N7-HT1\N7-HT1.csproj", "{E49F547D-C1D4-4063-B6BC-D1AD95FB26AE}"
EndProject
Project("{2150E333-8FDC-42A3-9474-1A3956D46DE8}") = "N8", "N8", "{14472FCB-066C-4E01-91B9-AD7B3387F4FF}"
EndProject
Project("{2150E333-8FDC-42A3-9474-1A3956D46DE8}") = "HomeTask", "HomeTask", "{DDBF8840-5396-4FD5-8624-0CAFD5C72E28}"
EndProject
Project("{2150E333-8FDC-42A3-9474-1A3956D46DE8}") = "Task", "Task", "{0AA5D67C-1FA5-4007-9D19-3E445E0FE60F}"
EndProject
Project("{9A19103F-16F7-4668-BE54-9A1E7A4F7556}") = "Lesson_8", "Lesson_8\Lesson_8.csproj", "{51F40A9D-D582-4E79-81A3-8F69FEFF3E6F}"
EndProject
Project("{FAE04EC0-301F-11D3-BF4B-00C04F79EFBC}") = "N8-HT1", "N8-HT1\N8-HT1.csproj", "{0AE9AFB3-FD43-4A9D-80A0-8CE927242965}"
EndProject
Project("{FAE04EC0-301F-11D3-BF4B-00C04F79EFBC}") = "N8-HT2_", "N8-HT2_\N8-HT2_.csproj", "{14E830B1-0B21-4AF0-8624-40B1955EF7CB}"
EndProject
Project("{FAE04EC0-301F-11D3-BF4B-00C04F79EFBC}") = "StringBuilder", "StringBuilder\StringBuilder.csproj", "{57319AA7-2AA2-4C95-9E90-59E90FE8FB29}"
EndProject
Global
	GlobalSection(SolutionConfigurationPlatforms) = preSolution
		Debug|Any CPU = Debug|Any CPU
		Release|Any CPU = Release|Any CPU
	EndGlobalSection
	GlobalSection(ProjectConfigurationPlatforms) = postSolution
		{7075FAF0-B5B1-436C-A4BB-1C77FD79A235}.Debug|Any CPU.ActiveCfg = Debug|Any CPU
		{7075FAF0-B5B1-436C-A4BB-1C77FD79A235}.Debug|Any CPU.Build.0 = Debug|Any CPU
		{7075FAF0-B5B1-436C-A4BB-1C77FD79A235}.Release|Any CPU.ActiveCfg = Release|Any CPU
		{7075FAF0-B5B1-436C-A4BB-1C77FD79A235}.Release|Any CPU.Build.0 = Release|Any CPU
		{76EE5ED5-40D8-4FE1-866A-070841D25040}.Debug|Any CPU.ActiveCfg = Debug|Any CPU
		{76EE5ED5-40D8-4FE1-866A-070841D25040}.Debug|Any CPU.Build.0 = Debug|Any CPU
		{76EE5ED5-40D8-4FE1-866A-070841D25040}.Release|Any CPU.ActiveCfg = Release|Any CPU
		{76EE5ED5-40D8-4FE1-866A-070841D25040}.Release|Any CPU.Build.0 = Release|Any CPU
		{CEB98810-6814-4F87-8A4A-223E583A13E1}.Debug|Any CPU.ActiveCfg = Debug|Any CPU
		{CEB98810-6814-4F87-8A4A-223E583A13E1}.Debug|Any CPU.Build.0 = Debug|Any CPU
		{CEB98810-6814-4F87-8A4A-223E583A13E1}.Release|Any CPU.ActiveCfg = Release|Any CPU
		{CEB98810-6814-4F87-8A4A-223E583A13E1}.Release|Any CPU.Build.0 = Release|Any CPU
		{877CE780-8354-440E-AA19-49C25D835745}.Debug|Any CPU.ActiveCfg = Debug|Any CPU
		{877CE780-8354-440E-AA19-49C25D835745}.Debug|Any CPU.Build.0 = Debug|Any CPU
		{877CE780-8354-440E-AA19-49C25D835745}.Release|Any CPU.ActiveCfg = Release|Any CPU
		{877CE780-8354-440E-AA19-49C25D835745}.Release|Any CPU.Build.0 = Release|Any CPU
		{19D9C6DC-4B73-4D0B-8CD3-DF1A064AE93A}.Debug|Any CPU.ActiveCfg = Debug|Any CPU
		{19D9C6DC-4B73-4D0B-8CD3-DF1A064AE93A}.Debug|Any CPU.Build.0 = Debug|Any CPU
		{19D9C6DC-4B73-4D0B-8CD3-DF1A064AE93A}.Release|Any CPU.ActiveCfg = Release|Any CPU
		{19D9C6DC-4B73-4D0B-8CD3-DF1A064AE93A}.Release|Any CPU.Build.0 = Release|Any CPU
		{2B977A6A-97AD-4007-B46A-773C2434D7CF}.Debug|Any CPU.ActiveCfg = Debug|Any CPU
		{2B977A6A-97AD-4007-B46A-773C2434D7CF}.Debug|Any CPU.Build.0 = Debug|Any CPU
		{2B977A6A-97AD-4007-B46A-773C2434D7CF}.Release|Any CPU.ActiveCfg = Release|Any CPU
		{2B977A6A-97AD-4007-B46A-773C2434D7CF}.Release|Any CPU.Build.0 = Release|Any CPU
		{90BB8F09-7E78-488F-9671-14F534EAA0D8}.Debug|Any CPU.ActiveCfg = Debug|Any CPU
		{90BB8F09-7E78-488F-9671-14F534EAA0D8}.Debug|Any CPU.Build.0 = Debug|Any CPU
		{90BB8F09-7E78-488F-9671-14F534EAA0D8}.Release|Any CPU.ActiveCfg = Release|Any CPU
		{90BB8F09-7E78-488F-9671-14F534EAA0D8}.Release|Any CPU.Build.0 = Release|Any CPU
		{7861229C-D153-43E6-9E6B-6B29428619C8}.Debug|Any CPU.ActiveCfg = Debug|Any CPU
		{7861229C-D153-43E6-9E6B-6B29428619C8}.Debug|Any CPU.Build.0 = Debug|Any CPU
		{7861229C-D153-43E6-9E6B-6B29428619C8}.Release|Any CPU.ActiveCfg = Release|Any CPU
		{7861229C-D153-43E6-9E6B-6B29428619C8}.Release|Any CPU.Build.0 = Release|Any CPU
		{D11ABCFD-F4C4-459B-841A-366F71FC28C9}.Debug|Any CPU.ActiveCfg = Debug|Any CPU
		{D11ABCFD-F4C4-459B-841A-366F71FC28C9}.Debug|Any CPU.Build.0 = Debug|Any CPU
		{D11ABCFD-F4C4-459B-841A-366F71FC28C9}.Release|Any CPU.ActiveCfg = Release|Any CPU
		{D11ABCFD-F4C4-459B-841A-366F71FC28C9}.Release|Any CPU.Build.0 = Release|Any CPU
		{47FEC370-EE38-4E90-8141-E861A4F5641B}.Debug|Any CPU.ActiveCfg = Debug|Any CPU
		{47FEC370-EE38-4E90-8141-E861A4F5641B}.Debug|Any CPU.Build.0 = Debug|Any CPU
		{47FEC370-EE38-4E90-8141-E861A4F5641B}.Release|Any CPU.ActiveCfg = Release|Any CPU
		{47FEC370-EE38-4E90-8141-E861A4F5641B}.Release|Any CPU.Build.0 = Release|Any CPU
		{82872096-987A-498B-9629-69FC0A14B32A}.Debug|Any CPU.ActiveCfg = Debug|Any CPU
		{82872096-987A-498B-9629-69FC0A14B32A}.Debug|Any CPU.Build.0 = Debug|Any CPU
		{82872096-987A-498B-9629-69FC0A14B32A}.Release|Any CPU.ActiveCfg = Release|Any CPU
		{82872096-987A-498B-9629-69FC0A14B32A}.Release|Any CPU.Build.0 = Release|Any CPU
		{DAC28CA3-11EB-4DAF-B37E-6E4052C31221}.Debug|Any CPU.ActiveCfg = Debug|Any CPU
		{DAC28CA3-11EB-4DAF-B37E-6E4052C31221}.Debug|Any CPU.Build.0 = Debug|Any CPU
		{DAC28CA3-11EB-4DAF-B37E-6E4052C31221}.Release|Any CPU.ActiveCfg = Release|Any CPU
		{DAC28CA3-11EB-4DAF-B37E-6E4052C31221}.Release|Any CPU.Build.0 = Release|Any CPU
		{DAB89013-47DE-491C-A03F-47572FCFC253}.Debug|Any CPU.ActiveCfg = Debug|Any CPU
		{DAB89013-47DE-491C-A03F-47572FCFC253}.Debug|Any CPU.Build.0 = Debug|Any CPU
		{DAB89013-47DE-491C-A03F-47572FCFC253}.Release|Any CPU.ActiveCfg = Release|Any CPU
		{DAB89013-47DE-491C-A03F-47572FCFC253}.Release|Any CPU.Build.0 = Release|Any CPU
		{A6C008A6-0395-42A9-A434-E41B4986A195}.Debug|Any CPU.ActiveCfg = Debug|Any CPU
		{A6C008A6-0395-42A9-A434-E41B4986A195}.Debug|Any CPU.Build.0 = Debug|Any CPU
		{A6C008A6-0395-42A9-A434-E41B4986A195}.Release|Any CPU.ActiveCfg = Release|Any CPU
		{A6C008A6-0395-42A9-A434-E41B4986A195}.Release|Any CPU.Build.0 = Release|Any CPU
		{E49F547D-C1D4-4063-B6BC-D1AD95FB26AE}.Debug|Any CPU.ActiveCfg = Debug|Any CPU
		{E49F547D-C1D4-4063-B6BC-D1AD95FB26AE}.Debug|Any CPU.Build.0 = Debug|Any CPU
		{E49F547D-C1D4-4063-B6BC-D1AD95FB26AE}.Release|Any CPU.ActiveCfg = Release|Any CPU
		{E49F547D-C1D4-4063-B6BC-D1AD95FB26AE}.Release|Any CPU.Build.0 = Release|Any CPU
		{51F40A9D-D582-4E79-81A3-8F69FEFF3E6F}.Debug|Any CPU.ActiveCfg = Debug|Any CPU
		{51F40A9D-D582-4E79-81A3-8F69FEFF3E6F}.Debug|Any CPU.Build.0 = Debug|Any CPU
		{51F40A9D-D582-4E79-81A3-8F69FEFF3E6F}.Release|Any CPU.ActiveCfg = Release|Any CPU
		{51F40A9D-D582-4E79-81A3-8F69FEFF3E6F}.Release|Any CPU.Build.0 = Release|Any CPU
		{0AE9AFB3-FD43-4A9D-80A0-8CE927242965}.Debug|Any CPU.ActiveCfg = Debug|Any CPU
		{0AE9AFB3-FD43-4A9D-80A0-8CE927242965}.Debug|Any CPU.Build.0 = Debug|Any CPU
		{0AE9AFB3-FD43-4A9D-80A0-8CE927242965}.Release|Any CPU.ActiveCfg = Release|Any CPU
		{0AE9AFB3-FD43-4A9D-80A0-8CE927242965}.Release|Any CPU.Build.0 = Release|Any CPU
		{14E830B1-0B21-4AF0-8624-40B1955EF7CB}.Debug|Any CPU.ActiveCfg = Debug|Any CPU
		{14E830B1-0B21-4AF0-8624-40B1955EF7CB}.Debug|Any CPU.Build.0 = Debug|Any CPU
		{14E830B1-0B21-4AF0-8624-40B1955EF7CB}.Release|Any CPU.ActiveCfg = Release|Any CPU
		{14E830B1-0B21-4AF0-8624-40B1955EF7CB}.Release|Any CPU.Build.0 = Release|Any CPU
		{57319AA7-2AA2-4C95-9E90-59E90FE8FB29}.Debug|Any CPU.ActiveCfg = Debug|Any CPU
		{57319AA7-2AA2-4C95-9E90-59E90FE8FB29}.Debug|Any CPU.Build.0 = Debug|Any CPU
		{57319AA7-2AA2-4C95-9E90-59E90FE8FB29}.Release|Any CPU.ActiveCfg = Release|Any CPU
		{57319AA7-2AA2-4C95-9E90-59E90FE8FB29}.Release|Any CPU.Build.0 = Release|Any CPU
	EndGlobalSection
	GlobalSection(SolutionProperties) = preSolution
		HideSolutionNode = FALSE
	EndGlobalSection
	GlobalSection(NestedProjects) = preSolution
		{7075FAF0-B5B1-436C-A4BB-1C77FD79A235} = {0AA44B92-19CC-4937-80D3-ED0186705ABE}
		{76EE5ED5-40D8-4FE1-866A-070841D25040} = {0AA44B92-19CC-4937-80D3-ED0186705ABE}
		{CEB98810-6814-4F87-8A4A-223E583A13E1} = {5A26FEDB-E7FF-4C71-AE12-97BE24B2A803}
		{877CE780-8354-440E-AA19-49C25D835745} = {92F8D92D-4E2D-4661-963F-83A51455FC7F}
		{19D9C6DC-4B73-4D0B-8CD3-DF1A064AE93A} = {92F8D92D-4E2D-4661-963F-83A51455FC7F}
		{2B977A6A-97AD-4007-B46A-773C2434D7CF} = {9E5D59E5-4EF2-41F6-ADC7-4C90E73B30B3}
		{90BB8F09-7E78-488F-9671-14F534EAA0D8} = {9E5D59E5-4EF2-41F6-ADC7-4C90E73B30B3}
		{7861229C-D153-43E6-9E6B-6B29428619C8} = {67DA7351-D0CB-424A-BBC1-1D8E2503A56B}
		{D3A4C860-F5E5-43CD-B95C-FF1CA5B1B61F} = {59F60DED-9C82-447B-98E1-1C5B73395E2D}
		{03E7E7CB-C3BA-451E-BC5A-A148EE46C3A9} = {59F60DED-9C82-447B-98E1-1C5B73395E2D}
		{D11ABCFD-F4C4-459B-841A-366F71FC28C9} = {D3A4C860-F5E5-43CD-B95C-FF1CA5B1B61F}
		{47FEC370-EE38-4E90-8141-E861A4F5641B} = {D3A4C860-F5E5-43CD-B95C-FF1CA5B1B61F}
		{82872096-987A-498B-9629-69FC0A14B32A} = {D3A4C860-F5E5-43CD-B95C-FF1CA5B1B61F}
		{DAC28CA3-11EB-4DAF-B37E-6E4052C31221} = {03E7E7CB-C3BA-451E-BC5A-A148EE46C3A9}
		{DAB89013-47DE-491C-A03F-47572FCFC253} = {03E7E7CB-C3BA-451E-BC5A-A148EE46C3A9}
		{C303C6CC-302E-4EC4-82C2-E1EFCC80BE22} = {D1876037-830E-40F5-B851-8E11C8FCEE88}
		{67BA6913-54DE-4914-982D-D7292E675752} = {D1876037-830E-40F5-B851-8E11C8FCEE88}
		{A6C008A6-0395-42A9-A434-E41B4986A195} = {67BA6913-54DE-4914-982D-D7292E675752}
		{E49F547D-C1D4-4063-B6BC-D1AD95FB26AE} = {C303C6CC-302E-4EC4-82C2-E1EFCC80BE22}
		{DDBF8840-5396-4FD5-8624-0CAFD5C72E28} = {14472FCB-066C-4E01-91B9-AD7B3387F4FF}
		{0AA5D67C-1FA5-4007-9D19-3E445E0FE60F} = {14472FCB-066C-4E01-91B9-AD7B3387F4FF}
		{51F40A9D-D582-4E79-81A3-8F69FEFF3E6F} = {0AA5D67C-1FA5-4007-9D19-3E445E0FE60F}
		{0AE9AFB3-FD43-4A9D-80A0-8CE927242965} = {DDBF8840-5396-4FD5-8624-0CAFD5C72E28}
		{14E830B1-0B21-4AF0-8624-40B1955EF7CB} = {DDBF8840-5396-4FD5-8624-0CAFD5C72E28}
		{57319AA7-2AA2-4C95-9E90-59E90FE8FB29} = {0AA5D67C-1FA5-4007-9D19-3E445E0FE60F}
	EndGlobalSection
	GlobalSection(ExtensibilityGlobals) = postSolution
		SolutionGuid = {6EBF1B71-CF72-45E1-B836-7244C8D598A7}
	EndGlobalSection
EndGlobal
