
Microsoft Visual Studio Solution File, Format Version 12.00
# Visual Studio Version 17
VisualStudioVersion = 17.6.33815.320
MinimumVisualStudioVersion = 10.0.40219.1
Project("{2150E333-8FDC-42A3-9474-1A3956D46DE8}") = "N2", "N2", "{0AA44B92-19CC-4937-80D3-ED0186705ABE}"
EndProject
Project("{9A19103F-16F7-4668-BE54-9A1E7A4F7556}") = "HT1", "HT1\HT1.csproj", "{7075FAF0-B5B1-436C-A4BB-1C77FD79A235}"
EndProject
Project("{9A19103F-16F7-4668-BE54-9A1E7A4F7556}") = "Tic-Tac-Toe HT2", "Tic-Tac-Toe HT2\Tic-Tac-Toe HT2.csproj", "{76EE5ED5-40D8-4FE1-866A-070841D25040}"
EndProject
Project("{2150E333-8FDC-42A3-9474-1A3956D46DE8}") = "N3", "N3", "{5A26FEDB-E7FF-4C71-AE12-97BE24B2A803}"
EndProject
Project("{9A19103F-16F7-4668-BE54-9A1E7A4F7556}") = "HT3", "HT3\HT3.csproj", "{CEB98810-6814-4F87-8A4A-223E583A13E1}"
EndProject
Project("{2150E333-8FDC-42A3-9474-1A3956D46DE8}") = "N4", "N4", "{92F8D92D-4E2D-4661-963F-83A51455FC7F}"
EndProject
Project("{FAE04EC0-301F-11D3-BF4B-00C04F79EFBC}") = "HT4", "HT4\HT4.csproj", "{877CE780-8354-440E-AA19-49C25D835745}"
EndProject
Project("{FAE04EC0-301F-11D3-BF4B-00C04F79EFBC}") = "email", "email\email.csproj", "{19D9C6DC-4B73-4D0B-8CD3-DF1A064AE93A}"
EndProject
Global
	GlobalSection(SolutionConfigurationPlatforms) = preSolution
		Debug|Any CPU = Debug|Any CPU
		Release|Any CPU = Release|Any CPU
	EndGlobalSection
	GlobalSection(ProjectConfigurationPlatforms) = postSolution
		{7075FAF0-B5B1-436C-A4BB-1C77FD79A235}.Debug|Any CPU.ActiveCfg = Debug|Any CPU
		{7075FAF0-B5B1-436C-A4BB-1C77FD79A235}.Debug|Any CPU.Build.0 = Debug|Any CPU
		{7075FAF0-B5B1-436C-A4BB-1C77FD79A235}.Release|Any CPU.ActiveCfg = Release|Any CPU
		{7075FAF0-B5B1-436C-A4BB-1C77FD79A235}.Release|Any CPU.Build.0 = Release|Any CPU
		{76EE5ED5-40D8-4FE1-866A-070841D25040}.Debug|Any CPU.ActiveCfg = Debug|Any CPU
		{76EE5ED5-40D8-4FE1-866A-070841D25040}.Debug|Any CPU.Build.0 = Debug|Any CPU
		{76EE5ED5-40D8-4FE1-866A-070841D25040}.Release|Any CPU.ActiveCfg = Release|Any CPU
		{76EE5ED5-40D8-4FE1-866A-070841D25040}.Release|Any CPU.Build.0 = Release|Any CPU
		{CEB98810-6814-4F87-8A4A-223E583A13E1}.Debug|Any CPU.ActiveCfg = Debug|Any CPU
		{CEB98810-6814-4F87-8A4A-223E583A13E1}.Debug|Any CPU.Build.0 = Debug|Any CPU
		{CEB98810-6814-4F87-8A4A-223E583A13E1}.Release|Any CPU.ActiveCfg = Release|Any CPU
		{CEB98810-6814-4F87-8A4A-223E583A13E1}.Release|Any CPU.Build.0 = Release|Any CPU
		{877CE780-8354-440E-AA19-49C25D835745}.Debug|Any CPU.ActiveCfg = Debug|Any CPU
		{877CE780-8354-440E-AA19-49C25D835745}.Debug|Any CPU.Build.0 = Debug|Any CPU
		{877CE780-8354-440E-AA19-49C25D835745}.Release|Any CPU.ActiveCfg = Release|Any CPU
		{877CE780-8354-440E-AA19-49C25D835745}.Release|Any CPU.Build.0 = Release|Any CPU
		{19D9C6DC-4B73-4D0B-8CD3-DF1A064AE93A}.Debug|Any CPU.ActiveCfg = Debug|Any CPU
		{19D9C6DC-4B73-4D0B-8CD3-DF1A064AE93A}.Debug|Any CPU.Build.0 = Debug|Any CPU
		{19D9C6DC-4B73-4D0B-8CD3-DF1A064AE93A}.Release|Any CPU.ActiveCfg = Release|Any CPU
		{19D9C6DC-4B73-4D0B-8CD3-DF1A064AE93A}.Release|Any CPU.Build.0 = Release|Any CPU
	EndGlobalSection
	GlobalSection(SolutionProperties) = preSolution
		HideSolutionNode = FALSE
	EndGlobalSection
	GlobalSection(NestedProjects) = preSolution
		{7075FAF0-B5B1-436C-A4BB-1C77FD79A235} = {0AA44B92-19CC-4937-80D3-ED0186705ABE}
		{76EE5ED5-40D8-4FE1-866A-070841D25040} = {0AA44B92-19CC-4937-80D3-ED0186705ABE}
		{CEB98810-6814-4F87-8A4A-223E583A13E1} = {5A26FEDB-E7FF-4C71-AE12-97BE24B2A803}
		{877CE780-8354-440E-AA19-49C25D835745} = {92F8D92D-4E2D-4661-963F-83A51455FC7F}
		{19D9C6DC-4B73-4D0B-8CD3-DF1A064AE93A} = {92F8D92D-4E2D-4661-963F-83A51455FC7F}
	EndGlobalSection
	GlobalSection(ExtensibilityGlobals) = postSolution
		SolutionGuid = {6EBF1B71-CF72-45E1-B836-7244C8D598A7}
	EndGlobalSection
EndGlobal
